{
  "name": "cronstrue-cli",
  "version": "1.0.0",
  "lockfileVersion": 2,
  "requires": true,
  "packages": {
    "": {
      "version": "1.0.0",
      "license": "MIT",
      "dependencies": {
        "cronstrue": "^1.113.0",
        "docopt": "^0.6.2"
      },
      "bin": {
        "cronstrue-cli": "index.js"
      }
    },
    "node_modules/cronstrue": {
      "version": "1.113.0",
      "resolved": "https://registry.npmjs.org/cronstrue/-/cronstrue-1.113.0.tgz",
      "integrity": "sha512-j0+CQsQx0g0Iv6nQs0bHkLcpeCzYShWUdQ3QwSHV+dUyTLqI/3NPrHceeDfTXmC3Re4osMli5+wAYpffNO+e9w=="
    },
    "node_modules/docopt": {
      "version": "0.6.2",
      "resolved": "https://registry.npmjs.org/docopt/-/docopt-0.6.2.tgz",
      "integrity": "sha1-so6eIiDaXsSffqW7JKR3h0Be6xE=",
      "engines": {
        "node": ">=0.10.0"
      }
    }
  },
  "dependencies": {
    "cronstrue": {
      "version": "1.113.0",
      "resolved": "https://registry.npmjs.org/cronstrue/-/cronstrue-1.113.0.tgz",
      "integrity": "sha512-j0+CQsQx0g0Iv6nQs0bHkLcpeCzYShWUdQ3QwSHV+dUyTLqI/3NPrHceeDfTXmC3Re4osMli5+wAYpffNO+e9w=="
    },
    "docopt": {
      "version": "0.6.2",
      "resolved": "https://registry.npmjs.org/docopt/-/docopt-0.6.2.tgz",
      "integrity": "sha1-so6eIiDaXsSffqW7JKR3h0Be6xE="
    }
  }
}
